// !$*UTF8*$!
{
	archiveVersion = 1;
	classes = {
	};
	objectVersion = 56;
	objects = {

/* Begin PBXBuildFile section */
		EE8FA74528DB52DA00C14AB5 /* AppDelegate.swift in Sources */ = {isa = PBXBuildFile; fileRef = EE8FA74428DB52DA00C14AB5 /* AppDelegate.swift */; };
		EE8FA74728DB52DA00C14AB5 /* SceneDelegate.swift in Sources */ = {isa = PBXBuildFile; fileRef = EE8FA74628DB52DA00C14AB5 /* SceneDelegate.swift */; };
		EE8FA74928DB52DA00C14AB5 /* ViewController.swift in Sources */ = {isa = PBXBuildFile; fileRef = EE8FA74828DB52DA00C14AB5 /* ViewController.swift */; };
		EE8FA74C28DB52DA00C14AB5 /* Main.storyboard in Resources */ = {isa = PBXBuildFile; fileRef = EE8FA74A28DB52DA00C14AB5 /* Main.storyboard */; };
		EE8FA74E28DB52DB00C14AB5 /* Assets.xcassets in Resources */ = {isa = PBXBuildFile; fileRef = EE8FA74D28DB52DB00C14AB5 /* Assets.xcassets */; };
		EE8FA75128DB52DB00C14AB5 /* LaunchScreen.storyboard in Resources */ = {isa = PBXBuildFile; fileRef = EE8FA74F28DB52DB00C14AB5 /* LaunchScreen.storyboard */; };
		EE8FA75C28DB52DC00C14AB5 /* FlasherTests.swift in Sources */ = {isa = PBXBuildFile; fileRef = EE8FA75B28DB52DC00C14AB5 /* FlasherTests.swift */; };
		EE8FA76628DB52DC00C14AB5 /* FlasherUITests.swift in Sources */ = {isa = PBXBuildFile; fileRef = EE8FA76528DB52DC00C14AB5 /* FlasherUITests.swift */; };
		EE8FA76828DB52DC00C14AB5 /* FlasherUITestsLaunchTests.swift in Sources */ = {isa = PBXBuildFile; fileRef = EE8FA76728DB52DC00C14AB5 /* FlasherUITestsLaunchTests.swift */; };
/* End PBXBuildFile section */

/* Begin PBXContainerItemProxy section */
		EE8FA75828DB52DC00C14AB5 /* PBXContainerItemProxy */ = {
			isa = PBXContainerItemProxy;
			containerPortal = EE8FA73928DB52DA00C14AB5 /* Project object */;
			proxyType = 1;
			remoteGlobalIDString = EE8FA74028DB52DA00C14AB5;
			remoteInfo = Flasher;
		};
		EE8FA76228DB52DC00C14AB5 /* PBXContainerItemProxy */ = {
			isa = PBXContainerItemProxy;
			containerPortal = EE8FA73928DB52DA00C14AB5 /* Project object */;
			proxyType = 1;
			remoteGlobalIDString = EE8FA74028DB52DA00C14AB5;
			remoteInfo = Flasher;
		};
/* End PBXContainerItemProxy section */

/* Begin PBXFileReference section */
		EE8FA74128DB52DA00C14AB5 /* Flasher.app */ = {isa = PBXFileReference; explicitFileType = wrapper.application; includeInIndex = 0; path = Flasher.app; sourceTree = BUILT_PRODUCTS_DIR; };
		EE8FA74428DB52DA00C14AB5 /* AppDelegate.swift */ = {isa = PBXFileReference; lastKnownFileType = sourcecode.swift; path = AppDelegate.swift; sourceTree = "<group>"; };
		EE8FA74628DB52DA00C14AB5 /* SceneDelegate.swift */ = {isa = PBXFileReference; lastKnownFileType = sourcecode.swift; path = SceneDelegate.swift; sourceTree = "<group>"; };
		EE8FA74828DB52DA00C14AB5 /* ViewController.swift */ = {isa = PBXFileReference; lastKnownFileType = sourcecode.swift; path = ViewController.swift; sourceTree = "<group>"; };
		EE8FA74B28DB52DA00C14AB5 /* Base */ = {isa = PBXFileReference; lastKnownFileType = file.storyboard; name = Base; path = Base.lproj/Main.storyboard; sourceTree = "<group>"; };
		EE8FA74D28DB52DB00C14AB5 /* Assets.xcassets */ = {isa = PBXFileReference; lastKnownFileType = folder.assetcatalog; path = Assets.xcassets; sourceTree = "<group>"; };
		EE8FA75028DB52DB00C14AB5 /* Base */ = {isa = PBXFileReference; lastKnownFileType = file.storyboard; name = Base; path = Base.lproj/LaunchScreen.storyboard; sourceTree = "<group>"; };
		EE8FA75228DB52DB00C14AB5 /* Info.plist */ = {isa = PBXFileReference; lastKnownFileType = text.plist.xml; path = Info.plist; sourceTree = "<group>"; };
		EE8FA75728DB52DC00C14AB5 /* FlasherTests.xctest */ = {isa = PBXFileReference; explicitFileType = wrapper.cfbundle; includeInIndex = 0; path = FlasherTests.xctest; sourceTree = BUILT_PRODUCTS_DIR; };
		EE8FA75B28DB52DC00C14AB5 /* FlasherTests.swift */ = {isa = PBXFileReference; lastKnownFileType = sourcecode.swift; path = FlasherTests.swift; sourceTree = "<group>"; };
		EE8FA76128DB52DC00C14AB5 /* FlasherUITests.xctest */ = {isa = PBXFileReference; explicitFileType = wrapper.cfbundle; includeInIndex = 0; path = FlasherUITests.xctest; sourceTree = BUILT_PRODUCTS_DIR; };
		EE8FA76528DB52DC00C14AB5 /* FlasherUITests.swift */ = {isa = PBXFileReference; lastKnownFileType = sourcecode.swift; path = FlasherUITests.swift; sourceTree = "<group>"; };
		EE8FA76728DB52DC00C14AB5 /* FlasherUITestsLaunchTests.swift */ = {isa = PBXFileReference; lastKnownFileType = sourcecode.swift; path = FlasherUITestsLaunchTests.swift; sourceTree = "<group>"; };
/* End PBXFileReference section */

/* Begin PBXFrameworksBuildPhase section */
		EE8FA73E28DB52DA00C14AB5 /* Frameworks */ = {
			isa = PBXFrameworksBuildPhase;
			buildActionMask = 2147483647;
			files = (
			);
			runOnlyForDeploymentPostprocessing = 0;
		};
		EE8FA75428DB52DC00C14AB5 /* Frameworks */ = {
			isa = PBXFrameworksBuildPhase;
			buildActionMask = 2147483647;
			files = (
			);
			runOnlyForDeploymentPostprocessing = 0;
		};
		EE8FA75E28DB52DC00C14AB5 /* Frameworks */ = {
			isa = PBXFrameworksBuildPhase;
			buildActionMask = 2147483647;
			files = (
			);
			runOnlyForDeploymentPostprocessing = 0;
		};
/* End PBXFrameworksBuildPhase section */

/* Begin PBXGroup section */
		EE8FA73828DB52DA00C14AB5 = {
			isa = PBXGroup;
			children = (
				EE8FA74328DB52DA00C14AB5 /* Flasher */,
				EE8FA75A28DB52DC00C14AB5 /* FlasherTests */,
				EE8FA76428DB52DC00C14AB5 /* FlasherUITests */,
				EE8FA74228DB52DA00C14AB5 /* Products */,
			);
			sourceTree = "<group>";
		};
		EE8FA74228DB52DA00C14AB5 /* Products */ = {
			isa = PBXGroup;
			children = (
				EE8FA74128DB52DA00C14AB5 /* Flasher.app */,
				EE8FA75728DB52DC00C14AB5 /* FlasherTests.xctest */,
				EE8FA76128DB52DC00C14AB5 /* FlasherUITests.xctest */,
			);
			name = Products;
			sourceTree = "<group>";
		};
		EE8FA74328DB52DA00C14AB5 /* Flasher */ = {
			isa = PBXGroup;
			children = (
				EE8FA74428DB52DA00C14AB5 /* AppDelegate.swift */,
				EE8FA74628DB52DA00C14AB5 /* SceneDelegate.swift */,
				EE8FA74828DB52DA00C14AB5 /* ViewController.swift */,
				EE8FA74A28DB52DA00C14AB5 /* Main.storyboard */,
				EE8FA74D28DB52DB00C14AB5 /* Assets.xcassets */,
				EE8FA74F28DB52DB00C14AB5 /* LaunchScreen.storyboard */,
				EE8FA75228DB52DB00C14AB5 /* Info.plist */,
			);
			path = Flasher;
			sourceTree = "<group>";
		};
		EE8FA75A28DB52DC00C14AB5 /* FlasherTests */ = {
			isa = PBXGroup;
			children = (
				EE8FA75B28DB52DC00C14AB5 /* FlasherTests.swift */,
			);
			path = FlasherTests;
			sourceTree = "<group>";
		};
		EE8FA76428DB52DC00C14AB5 /* FlasherUITests */ = {
			isa = PBXGroup;
			children = (
				EE8FA76528DB52DC00C14AB5 /* FlasherUITests.swift */,
				EE8FA76728DB52DC00C14AB5 /* FlasherUITestsLaunchTests.swift */,
			);
			path = FlasherUITests;
			sourceTree = "<group>";
		};
/* End PBXGroup section */

/* Begin PBXNativeTarget section */
		EE8FA74028DB52DA00C14AB5 /* Flasher */ = {
			isa = PBXNativeTarget;
			buildConfigurationList = EE8FA76B28DB52DC00C14AB5 /* Build configuration list for PBXNativeTarget "Flasher" */;
			buildPhases = (
				EE8FA73D28DB52DA00C14AB5 /* Sources */,
				EE8FA73E28DB52DA00C14AB5 /* Frameworks */,
				EE8FA73F28DB52DA00C14AB5 /* Resources */,
			);
			buildRules = (
			);
			dependencies = (
			);
			name = Flasher;
			productName = Flasher;
			productReference = EE8FA74128DB52DA00C14AB5 /* Flasher.app */;
			productType = "com.apple.product-type.application";
		};
		EE8FA75628DB52DC00C14AB5 /* FlasherTests */ = {
			isa = PBXNativeTarget;
			buildConfigurationList = EE8FA76E28DB52DC00C14AB5 /* Build configuration list for PBXNativeTarget "FlasherTests" */;
			buildPhases = (
				EE8FA75328DB52DC00C14AB5 /* Sources */,
				EE8FA75428DB52DC00C14AB5 /* Frameworks */,
				EE8FA75528DB52DC00C14AB5 /* Resources */,
			);
			buildRules = (
			);
			dependencies = (
				EE8FA75928DB52DC00C14AB5 /* PBXTargetDependency */,
			);
			name = FlasherTests;
			productName = FlasherTests;
			productReference = EE8FA75728DB52DC00C14AB5 /* FlasherTests.xctest */;
			productType = "com.apple.product-type.bundle.unit-test";
		};
		EE8FA76028DB52DC00C14AB5 /* FlasherUITests */ = {
			isa = PBXNativeTarget;
			buildConfigurationList = EE8FA77128DB52DC00C14AB5 /* Build configuration list for PBXNativeTarget "FlasherUITests" */;
			buildPhases = (
				EE8FA75D28DB52DC00C14AB5 /* Sources */,
				EE8FA75E28DB52DC00C14AB5 /* Frameworks */,
				EE8FA75F28DB52DC00C14AB5 /* Resources */,
			);
			buildRules = (
			);
			dependencies = (
				EE8FA76328DB52DC00C14AB5 /* PBXTargetDependency */,
			);
			name = FlasherUITests;
			productName = FlasherUITests;
			productReference = EE8FA76128DB52DC00C14AB5 /* FlasherUITests.xctest */;
			productType = "com.apple.product-type.bundle.ui-testing";
		};
/* End PBXNativeTarget section */

/* Begin PBXProject section */
		EE8FA73928DB52DA00C14AB5 /* Project object */ = {
			isa = PBXProject;
			attributes = {
				BuildIndependentTargetsInParallel = 1;
				LastSwiftUpdateCheck = 1400;
				LastUpgradeCheck = 1400;
				TargetAttributes = {
					EE8FA74028DB52DA00C14AB5 = {
						CreatedOnToolsVersion = 14.0;
					};
					EE8FA75628DB52DC00C14AB5 = {
						CreatedOnToolsVersion = 14.0;
						TestTargetID = EE8FA74028DB52DA00C14AB5;
					};
					EE8FA76028DB52DC00C14AB5 = {
						CreatedOnToolsVersion = 14.0;
						TestTargetID = EE8FA74028DB52DA00C14AB5;
					};
				};
			};
			buildConfigurationList = EE8FA73C28DB52DA00C14AB5 /* Build configuration list for PBXProject "Flasher" */;
			compatibilityVersion = "Xcode 14.0";
			developmentRegion = en;
			hasScannedForEncodings = 0;
			knownRegions = (
				en,
				Base,
			);
			mainGroup = EE8FA73828DB52DA00C14AB5;
			productRefGroup = EE8FA74228DB52DA00C14AB5 /* Products */;
			projectDirPath = "";
			projectRoot = "";
			targets = (
				EE8FA74028DB52DA00C14AB5 /* Flasher */,
				EE8FA75628DB52DC00C14AB5 /* FlasherTests */,
				EE8FA76028DB52DC00C14AB5 /* FlasherUITests */,
			);
		};
/* End PBXProject section */

/* Begin PBXResourcesBuildPhase section */
		EE8FA73F28DB52DA00C14AB5 /* Resources */ = {
			isa = PBXResourcesBuildPhase;
			buildActionMask = 2147483647;
			files = (
				EE8FA75128DB52DB00C14AB5 /* LaunchScreen.storyboard in Resources */,
				EE8FA74E28DB52DB00C14AB5 /* Assets.xcassets in Resources */,
				EE8FA74C28DB52DA00C14AB5 /* Main.storyboard in Resources */,
			);
			runOnlyForDeploymentPostprocessing = 0;
		};
		EE8FA75528DB52DC00C14AB5 /* Resources */ = {
			isa = PBXResourcesBuildPhase;
			buildActionMask = 2147483647;
			files = (
			);
			runOnlyForDeploymentPostprocessing = 0;
		};
		EE8FA75F28DB52DC00C14AB5 /* Resources */ = {
			isa = PBXResourcesBuildPhase;
			buildActionMask = 2147483647;
			files = (
			);
			runOnlyForDeploymentPostprocessing = 0;
		};
/* End PBXResourcesBuildPhase section */

/* Begin PBXSourcesBuildPhase section */
		EE8FA73D28DB52DA00C14AB5 /* Sources */ = {
			isa = PBXSourcesBuildPhase;
			buildActionMask = 2147483647;
			files = (
				EE8FA74928DB52DA00C14AB5 /* ViewController.swift in Sources */,
				EE8FA74528DB52DA00C14AB5 /* AppDelegate.swift in Sources */,
				EE8FA74728DB52DA00C14AB5 /* SceneDelegate.swift in Sources */,
			);
			runOnlyForDeploymentPostprocessing = 0;
		};
		EE8FA75328DB52DC00C14AB5 /* Sources */ = {
			isa = PBXSourcesBuildPhase;
			buildActionMask = 2147483647;
			files = (
				EE8FA75C28DB52DC00C14AB5 /* FlasherTests.swift in Sources */,
			);
			runOnlyForDeploymentPostprocessing = 0;
		};
		EE8FA75D28DB52DC00C14AB5 /* Sources */ = {
			isa = PBXSourcesBuildPhase;
			buildActionMask = 2147483647;
			files = (
				EE8FA76828DB52DC00C14AB5 /* FlasherUITestsLaunchTests.swift in Sources */,
				EE8FA76628DB52DC00C14AB5 /* FlasherUITests.swift in Sources */,
			);
			runOnlyForDeploymentPostprocessing = 0;
		};
/* End PBXSourcesBuildPhase section */

/* Begin PBXTargetDependency section */
		EE8FA75928DB52DC00C14AB5 /* PBXTargetDependency */ = {
			isa = PBXTargetDependency;
			target = EE8FA74028DB52DA00C14AB5 /* Flasher */;
			targetProxy = EE8FA75828DB52DC00C14AB5 /* PBXContainerItemProxy */;
		};
		EE8FA76328DB52DC00C14AB5 /* PBXTargetDependency */ = {
			isa = PBXTargetDependency;
			target = EE8FA74028DB52DA00C14AB5 /* Flasher */;
			targetProxy = EE8FA76228DB52DC00C14AB5 /* PBXContainerItemProxy */;
		};
/* End PBXTargetDependency section */

/* Begin PBXVariantGroup section */
		EE8FA74A28DB52DA00C14AB5 /* Main.storyboard */ = {
			isa = PBXVariantGroup;
			children = (
				EE8FA74B28DB52DA00C14AB5 /* Base */,
			);
			name = Main.storyboard;
			sourceTree = "<group>";
		};
		EE8FA74F28DB52DB00C14AB5 /* LaunchScreen.storyboard */ = {
			isa = PBXVariantGroup;
			children = (
				EE8FA75028DB52DB00C14AB5 /* Base */,
			);
			name = LaunchScreen.storyboard;
			sourceTree = "<group>";
		};
/* End PBXVariantGroup section */

/* Begin XCBuildConfiguration section */
		EE8FA76928DB52DC00C14AB5 /* Debug */ = {
			isa = XCBuildConfiguration;
			buildSettings = {
				ALWAYS_SEARCH_USER_PATHS = NO;
				CLANG_ANALYZER_NONNULL = YES;
				CLANG_ANALYZER_NUMBER_OBJECT_CONVERSION = YES_AGGRESSIVE;
				CLANG_CXX_LANGUAGE_STANDARD = "gnu++20";
				CLANG_ENABLE_MODULES = YES;
				CLANG_ENABLE_OBJC_ARC = YES;
				CLANG_ENABLE_OBJC_WEAK = YES;
				CLANG_WARN_BLOCK_CAPTURE_AUTORELEASING = YES;
				CLANG_WARN_BOOL_CONVERSION = YES;
				CLANG_WARN_COMMA = YES;
				CLANG_WARN_CONSTANT_CONVERSION = YES;
				CLANG_WARN_DEPRECATED_OBJC_IMPLEMENTATIONS = YES;
				CLANG_WARN_DIRECT_OBJC_ISA_USAGE = YES_ERROR;
				CLANG_WARN_DOCUMENTATION_COMMENTS = YES;
				CLANG_WARN_EMPTY_BODY = YES;
				CLANG_WARN_ENUM_CONVERSION = YES;
				CLANG_WARN_INFINITE_RECURSION = YES;
				CLANG_WARN_INT_CONVERSION = YES;
				CLANG_WARN_NON_LITERAL_NULL_CONVERSION = YES;
				CLANG_WARN_OBJC_IMPLICIT_RETAIN_SELF = YES;
				CLANG_WARN_OBJC_LITERAL_CONVERSION = YES;
				CLANG_WARN_OBJC_ROOT_CLASS = YES_ERROR;
				CLANG_WARN_QUOTED_INCLUDE_IN_FRAMEWORK_HEADER = YES;
				CLANG_WARN_RANGE_LOOP_ANALYSIS = YES;
				CLANG_WARN_STRICT_PROTOTYPES = YES;
				CLANG_WARN_SUSPICIOUS_MOVE = YES;
				CLANG_WARN_UNGUARDED_AVAILABILITY = YES_AGGRESSIVE;
				CLANG_WARN_UNREACHABLE_CODE = YES;
				CLANG_WARN__DUPLICATE_METHOD_MATCH = YES;
				COPY_PHASE_STRIP = NO;
				DEBUG_INFORMATION_FORMAT = dwarf;
				ENABLE_STRICT_OBJC_MSGSEND = YES;
				ENABLE_TESTABILITY = YES;
				GCC_C_LANGUAGE_STANDARD = gnu11;
				GCC_DYNAMIC_NO_PIC = NO;
				GCC_NO_COMMON_BLOCKS = YES;
				GCC_OPTIMIZATION_LEVEL = 0;
				GCC_PREPROCESSOR_DEFINITIONS = (
					"DEBUG=1",
					"$(inherited)",
				);
				GCC_WARN_64_TO_32_BIT_CONVERSION = YES;
				GCC_WARN_ABOUT_RETURN_TYPE = YES_ERROR;
				GCC_WARN_UNDECLARED_SELECTOR = YES;
				GCC_WARN_UNINITIALIZED_AUTOS = YES_AGGRESSIVE;
				GCC_WARN_UNUSED_FUNCTION = YES;
				GCC_WARN_UNUSED_VARIABLE = YES;
				IPHONEOS_DEPLOYMENT_TARGET = 16.0;
				MTL_ENABLE_DEBUG_INFO = INCLUDE_SOURCE;
				MTL_FAST_MATH = YES;
				ONLY_ACTIVE_ARCH = YES;
				SDKROOT = iphoneos;
				SWIFT_ACTIVE_COMPILATION_CONDITIONS = DEBUG;
				SWIFT_OPTIMIZATION_LEVEL = "-Onone";
			};
			name = Debug;
		};
		EE8FA76A28DB52DC00C14AB5 /* Release */ = {
			isa = XCBuildConfiguration;
			buildSettings = {
				ALWAYS_SEARCH_USER_PATHS = NO;
				CLANG_ANALYZER_NONNULL = YES;
				CLANG_ANALYZER_NUMBER_OBJECT_CONVERSION = YES_AGGRESSIVE;
				CLANG_CXX_LANGUAGE_STANDARD = "gnu++20";
				CLANG_ENABLE_MODULES = YES;
				CLANG_ENABLE_OBJC_ARC = YES;
				CLANG_ENABLE_OBJC_WEAK = YES;
				CLANG_WARN_BLOCK_CAPTURE_AUTORELEASING = YES;
				CLANG_WARN_BOOL_CONVERSION = YES;
				CLANG_WARN_COMMA = YES;
				CLANG_WARN_CONSTANT_CONVERSION = YES;
				CLANG_WARN_DEPRECATED_OBJC_IMPLEMENTATIONS = YES;
				CLANG_WARN_DIRECT_OBJC_ISA_USAGE = YES_ERROR;
				CLANG_WARN_DOCUMENTATION_COMMENTS = YES;
				CLANG_WARN_EMPTY_BODY = YES;
				CLANG_WARN_ENUM_CONVERSION = YES;
				CLANG_WARN_INFINITE_RECURSION = YES;
				CLANG_WARN_INT_CONVERSION = YES;
				CLANG_WARN_NON_LITERAL_NULL_CONVERSION = YES;
				CLANG_WARN_OBJC_IMPLICIT_RETAIN_SELF = YES;
				CLANG_WARN_OBJC_LITERAL_CONVERSION = YES;
				CLANG_WARN_OBJC_ROOT_CLASS = YES_ERROR;
				CLANG_WARN_QUOTED_INCLUDE_IN_FRAMEWORK_HEADER = YES;
				CLANG_WARN_RANGE_LOOP_ANALYSIS = YES;
				CLANG_WARN_STRICT_PROTOTYPES = YES;
				CLANG_WARN_SUSPICIOUS_MOVE = YES;
				CLANG_WARN_UNGUARDED_AVAILABILITY = YES_AGGRESSIVE;
				CLANG_WARN_UNREACHABLE_CODE = YES;
				CLANG_WARN__DUPLICATE_METHOD_MATCH = YES;
				COPY_PHASE_STRIP = NO;
				DEBUG_INFORMATION_FORMAT = "dwarf-with-dsym";
				ENABLE_NS_ASSERTIONS = NO;
				ENABLE_STRICT_OBJC_MSGSEND = YES;
				GCC_C_LANGUAGE_STANDARD = gnu11;
				GCC_NO_COMMON_BLOCKS = YES;
				GCC_WARN_64_TO_32_BIT_CONVERSION = YES;
				GCC_WARN_ABOUT_RETURN_TYPE = YES_ERROR;
				GCC_WARN_UNDECLARED_SELECTOR = YES;
				GCC_WARN_UNINITIALIZED_AUTOS = YES_AGGRESSIVE;
				GCC_WARN_UNUSED_FUNCTION = YES;
				GCC_WARN_UNUSED_VARIABLE = YES;
				IPHONEOS_DEPLOYMENT_TARGET = 16.0;
				MTL_ENABLE_DEBUG_INFO = NO;
				MTL_FAST_MATH = YES;
				SDKROOT = iphoneos;
				SWIFT_COMPILATION_MODE = wholemodule;
				SWIFT_OPTIMIZATION_LEVEL = "-O";
				VALIDATE_PRODUCT = YES;
			};
			name = Release;
		};
		EE8FA76C28DB52DC00C14AB5 /* Debug */ = {
			isa = XCBuildConfiguration;
			buildSettings = {
				ASSETCATALOG_COMPILER_APPICON_NAME = AppIcon;
				ASSETCATALOG_COMPILER_GLOBAL_ACCENT_COLOR_NAME = AccentColor;
				CODE_SIGN_STYLE = Automatic;
				CURRENT_PROJECT_VERSION = 1;
				DEVELOPMENT_TEAM = PHK95RXFWX;
				GENERATE_INFOPLIST_FILE = YES;
				INFOPLIST_FILE = Flasher/Info.plist;
				INFOPLIST_KEY_UIApplicationSupportsIndirectInputEvents = YES;
				INFOPLIST_KEY_UILaunchStoryboardName = LaunchScreen;
				INFOPLIST_KEY_UIMainStoryboardFile = Main;
				INFOPLIST_KEY_UISupportedInterfaceOrientations_iPad = "UIInterfaceOrientationPortrait UIInterfaceOrientationPortraitUpsideDown UIInterfaceOrientationLandscapeLeft UIInterfaceOrientationLandscapeRight";
				INFOPLIST_KEY_UISupportedInterfaceOrientations_iPhone = "UIInterfaceOrientationPortrait UIInterfaceOrientationLandscapeLeft UIInterfaceOrientationLandscapeRight";
				LD_RUNPATH_SEARCH_PATHS = (
					"$(inherited)",
					"@executable_path/Frameworks",
				);
				MARKETING_VERSION = 1.0;
				PRODUCT_BUNDLE_IDENTIFIER = com.surachet.y.Flasher;
				PRODUCT_NAME = "$(TARGET_NAME)";
				SWIFT_EMIT_LOC_STRINGS = YES;
				SWIFT_VERSION = 5.0;
				TARGETED_DEVICE_FAMILY = "1,2";
			};
			name = Debug;
		};
		EE8FA76D28DB52DC00C14AB5 /* Release */ = {
			isa = XCBuildConfiguration;
			buildSettings = {
				ASSETCATALOG_COMPILER_APPICON_NAME = AppIcon;
				ASSETCATALOG_COMPILER_GLOBAL_ACCENT_COLOR_NAME = AccentColor;
				CODE_SIGN_STYLE = Automatic;
				CURRENT_PROJECT_VERSION = 1;
				DEVELOPMENT_TEAM = PHK95RXFWX;
				GENERATE_INFOPLIST_FILE = YES;
				INFOPLIST_FILE = Flasher/Info.plist;
				INFOPLIST_KEY_UIApplicationSupportsIndirectInputEvents = YES;
				INFOPLIST_KEY_UILaunchStoryboardName = LaunchScreen;
				INFOPLIST_KEY_UIMainStoryboardFile = Main;
				INFOPLIST_KEY_UISupportedInterfaceOrientations_iPad = "UIInterfaceOrientationPortrait UIInterfaceOrientationPortraitUpsideDown UIInterfaceOrientationLandscapeLeft UIInterfaceOrientationLandscapeRight";
				INFOPLIST_KEY_UISupportedInterfaceOrientations_iPhone = "UIInterfaceOrientationPortrait UIInterfaceOrientationLandscapeLeft UIInterfaceOrientationLandscapeRight";
				LD_RUNPATH_SEARCH_PATHS = (
					"$(inherited)",
					"@executable_path/Frameworks",
				);
				MARKETING_VERSION = 1.0;
				PRODUCT_BUNDLE_IDENTIFIER = com.surachet.y.Flasher;
				PRODUCT_NAME = "$(TARGET_NAME)";
				SWIFT_EMIT_LOC_STRINGS = YES;
				SWIFT_VERSION = 5.0;
				TARGETED_DEVICE_FAMILY = "1,2";
			};
			name = Release;
		};
		EE8FA76F28DB52DC00C14AB5 /* Debug */ = {
			isa = XCBuildConfiguration;
			buildSettings = {
				ALWAYS_EMBED_SWIFT_STANDARD_LIBRARIES = YES;
				BUNDLE_LOADER = "$(TEST_HOST)";
				CODE_SIGN_STYLE = Automatic;
				CURRENT_PROJECT_VERSION = 1;
				DEVELOPMENT_TEAM = PHK95RXFWX;
				GENERATE_INFOPLIST_FILE = YES;
				IPHONEOS_DEPLOYMENT_TARGET = 16.0;
				MARKETING_VERSION = 1.0;
				PRODUCT_BUNDLE_IDENTIFIER = com.surachet.y.FlasherTests;
				PRODUCT_NAME = "$(TARGET_NAME)";
				SWIFT_EMIT_LOC_STRINGS = NO;
				SWIFT_VERSION = 5.0;
				TARGETED_DEVICE_FAMILY = "1,2";
				TEST_HOST = "$(BUILT_PRODUCTS_DIR)/Flasher.app/$(BUNDLE_EXECUTABLE_FOLDER_PATH)/Flasher";
			};
			name = Debug;
		};
		EE8FA77028DB52DC00C14AB5 /* Release */ = {
			isa = XCBuildConfiguration;
			buildSettings = {
				ALWAYS_EMBED_SWIFT_STANDARD_LIBRARIES = YES;
				BUNDLE_LOADER = "$(TEST_HOST)";
				CODE_SIGN_STYLE = Automatic;
				CURRENT_PROJECT_VERSION = 1;
				DEVELOPMENT_TEAM = PHK95RXFWX;
				GENERATE_INFOPLIST_FILE = YES;
				IPHONEOS_DEPLOYMENT_TARGET = 16.0;
				MARKETING_VERSION = 1.0;
				PRODUCT_BUNDLE_IDENTIFIER = com.surachet.y.FlasherTests;
				PRODUCT_NAME = "$(TARGET_NAME)";
				SWIFT_EMIT_LOC_STRINGS = NO;
				SWIFT_VERSION = 5.0;
				TARGETED_DEVICE_FAMILY = "1,2";
				TEST_HOST = "$(BUILT_PRODUCTS_DIR)/Flasher.app/$(BUNDLE_EXECUTABLE_FOLDER_PATH)/Flasher";
			};
			name = Release;
		};
		EE8FA77228DB52DC00C14AB5 /* Debug */ = {
			isa = XCBuildConfiguration;
			buildSettings = {
				ALWAYS_EMBED_SWIFT_STANDARD_LIBRARIES = YES;
				CODE_SIGN_STYLE = Automatic;
				CURRENT_PROJECT_VERSION = 1;
				DEVELOPMENT_TEAM = PHK95RXFWX;
				GENERATE_INFOPLIST_FILE = YES;
				MARKETING_VERSION = 1.0;
				PRODUCT_BUNDLE_IDENTIFIER = com.surachet.y.FlasherUITests;
				PRODUCT_NAME = "$(TARGET_NAME)";
				SWIFT_EMIT_LOC_STRINGS = NO;
				SWIFT_VERSION = 5.0;
				TARGETED_DEVICE_FAMILY = "1,2";
				TEST_TARGET_NAME = Flasher;
			};
			name = Debug;
		};
		EE8FA77328DB52DC00C14AB5 /* Release */ = {
			isa = XCBuildConfiguration;
			buildSettings = {
				ALWAYS_EMBED_SWIFT_STANDARD_LIBRARIES = YES;
				CODE_SIGN_STYLE = Automatic;
				CURRENT_PROJECT_VERSION = 1;
				DEVELOPMENT_TEAM = PHK95RXFWX;
				GENERATE_INFOPLIST_FILE = YES;
				MARKETING_VERSION = 1.0;
				PRODUCT_BUNDLE_IDENTIFIER = com.surachet.y.FlasherUITests;
				PRODUCT_NAME = "$(TARGET_NAME)";
				SWIFT_EMIT_LOC_STRINGS = NO;
				SWIFT_VERSION = 5.0;
				TARGETED_DEVICE_FAMILY = "1,2";
				TEST_TARGET_NAME = Flasher;
			};
			name = Release;
		};
/* End XCBuildConfiguration section */

/* Begin XCConfigurationList section */
		EE8FA73C28DB52DA00C14AB5 /* Build configuration list for PBXProject "Flasher" */ = {
			isa = XCConfigurationList;
			buildConfigurations = (
				EE8FA76928DB52DC00C14AB5 /* Debug */,
				EE8FA76A28DB52DC00C14AB5 /* Release */,
			);
			defaultConfigurationIsVisible = 0;
			defaultConfigurationName = Release;
		};
		EE8FA76B28DB52DC00C14AB5 /* Build configuration list for PBXNativeTarget "Flasher" */ = {
			isa = XCConfigurationList;
			buildConfigurations = (
				EE8FA76C28DB52DC00C14AB5 /* Debug */,
				EE8FA76D28DB52DC00C14AB5 /* Release */,
			);
			defaultConfigurationIsVisible = 0;
			defaultConfigurationName = Release;
		};
		EE8FA76E28DB52DC00C14AB5 /* Build configuration list for PBXNativeTarget "FlasherTests" */ = {
			isa = XCConfigurationList;
			buildConfigurations = (
				EE8FA76F28DB52DC00C14AB5 /* Debug */,
				EE8FA77028DB52DC00C14AB5 /* Release */,
			);
			defaultConfigurationIsVisible = 0;
			defaultConfigurationName = Release;
		};
		EE8FA77128DB52DC00C14AB5 /* Build configuration list for PBXNativeTarget "FlasherUITests" */ = {
			isa = XCConfigurationList;
			buildConfigurations = (
				EE8FA77228DB52DC00C14AB5 /* Debug */,
				EE8FA77328DB52DC00C14AB5 /* Release */,
			);
			defaultConfigurationIsVisible = 0;
			defaultConfigurationName = Release;
		};
/* End XCConfigurationList section */
	};
	rootObject = EE8FA73928DB52DA00C14AB5 /* Project object */;
}
